// !$*UTF8*$!
{
	archiveVersion = 1;
	classes = {
	};
	objectVersion = 50;
	objects = {

/* Begin PBXBuildFile section */
		1745067426CD74B10052C822 /* LandmarksApp.swift in Sources */ = {isa = PBXBuildFile; fileRef = 1745067326CD74B10052C822 /* LandmarksApp.swift */; };
		1745067626CD74B10052C822 /* ContentView.swift in Sources */ = {isa = PBXBuildFile; fileRef = 1745067526CD74B10052C822 /* ContentView.swift */; };
		1745067826CD74B20052C822 /* Assets.xcassets in Resources */ = {isa = PBXBuildFile; fileRef = 1745067726CD74B20052C822 /* Assets.xcassets */; };
		1745067B26CD74B20052C822 /* Preview Assets.xcassets in Resources */ = {isa = PBXBuildFile; fileRef = 1745067A26CD74B20052C822 /* Preview Assets.xcassets */; };
		1745067D26CD74B20052C822 /* Persistence.swift in Sources */ = {isa = PBXBuildFile; fileRef = 1745067C26CD74B20052C822 /* Persistence.swift */; };
		1745068026CD74B20052C822 /* Landmarks.xcdatamodeld in Sources */ = {isa = PBXBuildFile; fileRef = 1745067E26CD74B20052C822 /* Landmarks.xcdatamodeld */; };
		1745068B26CD74B30052C822 /* LandmarksTests.swift in Sources */ = {isa = PBXBuildFile; fileRef = 1745068A26CD74B30052C822 /* LandmarksTests.swift */; };
		1745069626CD74B30052C822 /* LandmarksUITests.swift in Sources */ = {isa = PBXBuildFile; fileRef = 1745069526CD74B30052C822 /* LandmarksUITests.swift */; };
		174506A426CD76CA0052C822 /* CircleImage.swift in Sources */ = {isa = PBXBuildFile; fileRef = 174506A326CD76CA0052C822 /* CircleImage.swift */; };
		174506A626CD773A0052C822 /* MapView.swift in Sources */ = {isa = PBXBuildFile; fileRef = 174506A526CD773A0052C822 /* MapView.swift */; };
		174506A826CD79EF0052C822 /* landmarkData.json in Resources */ = {isa = PBXBuildFile; fileRef = 174506A726CD79EF0052C822 /* landmarkData.json */; };
		174506AA26CD7A020052C822 /* Landmark.swift in Sources */ = {isa = PBXBuildFile; fileRef = 174506A926CD7A020052C822 /* Landmark.swift */; };
		174506AC26CD835E0052C822 /* ModelData.swift in Sources */ = {isa = PBXBuildFile; fileRef = 174506AB26CD835E0052C822 /* ModelData.swift */; };
		174506B126CD849C0052C822 /* LandmarkRow.swift in Sources */ = {isa = PBXBuildFile; fileRef = 174506B026CD849C0052C822 /* LandmarkRow.swift */; };
		174506B326CD86110052C822 /* LandmarkList.swift in Sources */ = {isa = PBXBuildFile; fileRef = 174506B226CD86110052C822 /* LandmarkList.swift */; };
		174506B526CD86FD0052C822 /* LandmarkDetail.swift in Sources */ = {isa = PBXBuildFile; fileRef = 174506B426CD86FD0052C822 /* LandmarkDetail.swift */; };
		17C08F4926CEB76A00E9E69A /* FavoriteButton.swift in Sources */ = {isa = PBXBuildFile; fileRef = 17C08F4826CEB76A00E9E69A /* FavoriteButton.swift */; };
		17C08F5126CEBC6F00E9E69A /* Assets.xcassets in Resources */ = {isa = PBXBuildFile; fileRef = 17C08F5026CEBC6F00E9E69A /* Assets.xcassets */; };
		17C08F5826CEBC6F00E9E69A /* WatchLandmarks Extension.appex in Embed App Extensions */ = {isa = PBXBuildFile; fileRef = 17C08F5726CEBC6F00E9E69A /* WatchLandmarks Extension.appex */; settings = {ATTRIBUTES = (RemoveHeadersOnCopy, ); }; };
		17C08F5D26CEBC6F00E9E69A /* LandmarksApp.swift in Sources */ = {isa = PBXBuildFile; fileRef = 17C08F5C26CEBC6F00E9E69A /* LandmarksApp.swift */; };
		17C08F5F26CEBC6F00E9E69A /* ContentView.swift in Sources */ = {isa = PBXBuildFile; fileRef = 17C08F5E26CEBC6F00E9E69A /* ContentView.swift */; };
		17C08F6126CEBC6F00E9E69A /* NotificationController.swift in Sources */ = {isa = PBXBuildFile; fileRef = 17C08F6026CEBC6F00E9E69A /* NotificationController.swift */; };
		17C08F6326CEBC6F00E9E69A /* NotificationView.swift in Sources */ = {isa = PBXBuildFile; fileRef = 17C08F6226CEBC6F00E9E69A /* NotificationView.swift */; };
		17C08F6526CEBC6F00E9E69A /* ComplicationController.swift in Sources */ = {isa = PBXBuildFile; fileRef = 17C08F6426CEBC6F00E9E69A /* ComplicationController.swift */; };
		17C08F6726CEBC7500E9E69A /* Assets.xcassets in Resources */ = {isa = PBXBuildFile; fileRef = 17C08F6626CEBC7500E9E69A /* Assets.xcassets */; };
		17C08F6A26CEBC7500E9E69A /* Preview Assets.xcassets in Resources */ = {isa = PBXBuildFile; fileRef = 17C08F6926CEBC7500E9E69A /* Preview Assets.xcassets */; };
		17C08F7626CEBC7500E9E69A /* WatchLandmarksTests.swift in Sources */ = {isa = PBXBuildFile; fileRef = 17C08F7526CEBC7500E9E69A /* WatchLandmarksTests.swift */; };
		17C08F8126CEBC7500E9E69A /* WatchLandmarksUITests.swift in Sources */ = {isa = PBXBuildFile; fileRef = 17C08F8026CEBC7500E9E69A /* WatchLandmarksUITests.swift */; };
		17C08F8526CEBC7500E9E69A /* WatchLandmarks.app in Embed Watch Content */ = {isa = PBXBuildFile; fileRef = 17C08F4E26CEBC6900E9E69A /* WatchLandmarks.app */; settings = {ATTRIBUTES = (RemoveHeadersOnCopy, ); }; };
/* End PBXBuildFile section */

/* Begin PBXContainerItemProxy section */
		1745068726CD74B30052C822 /* PBXContainerItemProxy */ = {
			isa = PBXContainerItemProxy;
			containerPortal = 1745066826CD74B10052C822 /* Project object */;
			proxyType = 1;
			remoteGlobalIDString = 1745066F26CD74B10052C822;
			remoteInfo = Landmarks;
		};
		1745069226CD74B30052C822 /* PBXContainerItemProxy */ = {
			isa = PBXContainerItemProxy;
			containerPortal = 1745066826CD74B10052C822 /* Project object */;
			proxyType = 1;
			remoteGlobalIDString = 1745066F26CD74B10052C822;
			remoteInfo = Landmarks;
		};
		17C08F5926CEBC6F00E9E69A /* PBXContainerItemProxy */ = {
			isa = PBXContainerItemProxy;
			containerPortal = 1745066826CD74B10052C822 /* Project object */;
			proxyType = 1;
			remoteGlobalIDString = 17C08F5626CEBC6F00E9E69A;
			remoteInfo = "WatchLandmarks Extension";
		};
		17C08F7226CEBC7500E9E69A /* PBXContainerItemProxy */ = {
			isa = PBXContainerItemProxy;
			containerPortal = 1745066826CD74B10052C822 /* Project object */;
			proxyType = 1;
			remoteGlobalIDString = 17C08F5626CEBC6F00E9E69A;
			remoteInfo = "WatchLandmarks Extension";
		};
		17C08F7D26CEBC7500E9E69A /* PBXContainerItemProxy */ = {
			isa = PBXContainerItemProxy;
			containerPortal = 1745066826CD74B10052C822 /* Project object */;
			proxyType = 1;
			remoteGlobalIDString = 17C08F4D26CEBC6900E9E69A;
			remoteInfo = WatchLandmarks;
		};
		17C08F8326CEBC7500E9E69A /* PBXContainerItemProxy */ = {
			isa = PBXContainerItemProxy;
			containerPortal = 1745066826CD74B10052C822 /* Project object */;
			proxyType = 1;
			remoteGlobalIDString = 17C08F4D26CEBC6900E9E69A;
			remoteInfo = WatchLandmarks;
		};
/* End PBXContainerItemProxy section */

/* Begin PBXCopyFilesBuildPhase section */
		17C08F8926CEBC7500E9E69A /* Embed App Extensions */ = {
			isa = PBXCopyFilesBuildPhase;
			buildActionMask = 2147483647;
			dstPath = "";
			dstSubfolderSpec = 13;
			files = (
				17C08F5826CEBC6F00E9E69A /* WatchLandmarks Extension.appex in Embed App Extensions */,
			);
			name = "Embed App Extensions";
			runOnlyForDeploymentPostprocessing = 0;
		};
		17C08F8D26CEBC7500E9E69A /* Embed Watch Content */ = {
			isa = PBXCopyFilesBuildPhase;
			buildActionMask = 2147483647;
			dstPath = "$(CONTENTS_FOLDER_PATH)/Watch";
			dstSubfolderSpec = 16;
			files = (
				17C08F8526CEBC7500E9E69A /* WatchLandmarks.app in Embed Watch Content */,
			);
			name = "Embed Watch Content";
			runOnlyForDeploymentPostprocessing = 0;
		};
/* End PBXCopyFilesBuildPhase section */

/* Begin PBXFileReference section */
		1745067026CD74B10052C822 /* Landmarks.app */ = {isa = PBXFileReference; explicitFileType = wrapper.application; includeInIndex = 0; path = Landmarks.app; sourceTree = BUILT_PRODUCTS_DIR; };
		1745067326CD74B10052C822 /* LandmarksApp.swift */ = {isa = PBXFileReference; lastKnownFileType = sourcecode.swift; path = LandmarksApp.swift; sourceTree = "<group>"; };
		1745067526CD74B10052C822 /* ContentView.swift */ = {isa = PBXFileReference; lastKnownFileType = sourcecode.swift; path = ContentView.swift; sourceTree = "<group>"; };
		1745067726CD74B20052C822 /* Assets.xcassets */ = {isa = PBXFileReference; lastKnownFileType = folder.assetcatalog; path = Assets.xcassets; sourceTree = "<group>"; };
		1745067A26CD74B20052C822 /* Preview Assets.xcassets */ = {isa = PBXFileReference; lastKnownFileType = folder.assetcatalog; path = "Preview Assets.xcassets"; sourceTree = "<group>"; };
		1745067C26CD74B20052C822 /* Persistence.swift */ = {isa = PBXFileReference; lastKnownFileType = sourcecode.swift; path = Persistence.swift; sourceTree = "<group>"; };
		1745067F26CD74B20052C822 /* Landmarks.xcdatamodel */ = {isa = PBXFileReference; lastKnownFileType = wrapper.xcdatamodel; path = Landmarks.xcdatamodel; sourceTree = "<group>"; };
		1745068126CD74B20052C822 /* Info.plist */ = {isa = PBXFileReference; lastKnownFileType = text.plist.xml; path = Info.plist; sourceTree = "<group>"; };
		1745068626CD74B30052C822 /* LandmarksTests.xctest */ = {isa = PBXFileReference; explicitFileType = wrapper.cfbundle; includeInIndex = 0; path = LandmarksTests.xctest; sourceTree = BUILT_PRODUCTS_DIR; };
		1745068A26CD74B30052C822 /* LandmarksTests.swift */ = {isa = PBXFileReference; lastKnownFileType = sourcecode.swift; path = LandmarksTests.swift; sourceTree = "<group>"; };
		1745068C26CD74B30052C822 /* Info.plist */ = {isa = PBXFileReference; lastKnownFileType = text.plist.xml; path = Info.plist; sourceTree = "<group>"; };
		1745069126CD74B30052C822 /* LandmarksUITests.xctest */ = {isa = PBXFileReference; explicitFileType = wrapper.cfbundle; includeInIndex = 0; path = LandmarksUITests.xctest; sourceTree = BUILT_PRODUCTS_DIR; };
		1745069526CD74B30052C822 /* LandmarksUITests.swift */ = {isa = PBXFileReference; lastKnownFileType = sourcecode.swift; path = LandmarksUITests.swift; sourceTree = "<group>"; };
		1745069726CD74B30052C822 /* Info.plist */ = {isa = PBXFileReference; lastKnownFileType = text.plist.xml; path = Info.plist; sourceTree = "<group>"; };
		174506A326CD76CA0052C822 /* CircleImage.swift */ = {isa = PBXFileReference; lastKnownFileType = sourcecode.swift; path = CircleImage.swift; sourceTree = "<group>"; };
		174506A526CD773A0052C822 /* MapView.swift */ = {isa = PBXFileReference; lastKnownFileType = sourcecode.swift; path = MapView.swift; sourceTree = "<group>"; };
		174506A726CD79EF0052C822 /* landmarkData.json */ = {isa = PBXFileReference; fileEncoding = 4; lastKnownFileType = text.json; path = landmarkData.json; sourceTree = "<group>"; };
		174506A926CD7A020052C822 /* Landmark.swift */ = {isa = PBXFileReference; lastKnownFileType = sourcecode.swift; path = Landmark.swift; sourceTree = "<group>"; };
		174506AB26CD835E0052C822 /* ModelData.swift */ = {isa = PBXFileReference; lastKnownFileType = sourcecode.swift; path = ModelData.swift; sourceTree = "<group>"; };
		174506B026CD849C0052C822 /* LandmarkRow.swift */ = {isa = PBXFileReference; lastKnownFileType = sourcecode.swift; path = LandmarkRow.swift; sourceTree = "<group>"; };
		174506B226CD86110052C822 /* LandmarkList.swift */ = {isa = PBXFileReference; lastKnownFileType = sourcecode.swift; path = LandmarkList.swift; sourceTree = "<group>"; };
		174506B426CD86FD0052C822 /* LandmarkDetail.swift */ = {isa = PBXFileReference; lastKnownFileType = sourcecode.swift; path = LandmarkDetail.swift; sourceTree = "<group>"; };
		17C08F4826CEB76A00E9E69A /* FavoriteButton.swift */ = {isa = PBXFileReference; lastKnownFileType = sourcecode.swift; path = FavoriteButton.swift; sourceTree = "<group>"; };
		17C08F4E26CEBC6900E9E69A /* WatchLandmarks.app */ = {isa = PBXFileReference; explicitFileType = wrapper.application; includeInIndex = 0; path = WatchLandmarks.app; sourceTree = BUILT_PRODUCTS_DIR; };
		17C08F5026CEBC6F00E9E69A /* Assets.xcassets */ = {isa = PBXFileReference; lastKnownFileType = folder.assetcatalog; path = Assets.xcassets; sourceTree = "<group>"; };
		17C08F5226CEBC6F00E9E69A /* Info.plist */ = {isa = PBXFileReference; lastKnownFileType = text.plist.xml; path = Info.plist; sourceTree = "<group>"; };
		17C08F5726CEBC6F00E9E69A /* WatchLandmarks Extension.appex */ = {isa = PBXFileReference; explicitFileType = "wrapper.app-extension"; includeInIndex = 0; path = "WatchLandmarks Extension.appex"; sourceTree = BUILT_PRODUCTS_DIR; };
		17C08F5C26CEBC6F00E9E69A /* LandmarksApp.swift */ = {isa = PBXFileReference; lastKnownFileType = sourcecode.swift; path = LandmarksApp.swift; sourceTree = "<group>"; };
		17C08F5E26CEBC6F00E9E69A /* ContentView.swift */ = {isa = PBXFileReference; lastKnownFileType = sourcecode.swift; path = ContentView.swift; sourceTree = "<group>"; };
		17C08F6026CEBC6F00E9E69A /* NotificationController.swift */ = {isa = PBXFileReference; lastKnownFileType = sourcecode.swift; path = NotificationController.swift; sourceTree = "<group>"; };
		17C08F6226CEBC6F00E9E69A /* NotificationView.swift */ = {isa = PBXFileReference; lastKnownFileType = sourcecode.swift; path = NotificationView.swift; sourceTree = "<group>"; };
		17C08F6426CEBC6F00E9E69A /* ComplicationController.swift */ = {isa = PBXFileReference; lastKnownFileType = sourcecode.swift; path = ComplicationController.swift; sourceTree = "<group>"; };
		17C08F6626CEBC7500E9E69A /* Assets.xcassets */ = {isa = PBXFileReference; lastKnownFileType = folder.assetcatalog; path = Assets.xcassets; sourceTree = "<group>"; };
		17C08F6926CEBC7500E9E69A /* Preview Assets.xcassets */ = {isa = PBXFileReference; lastKnownFileType = folder.assetcatalog; path = "Preview Assets.xcassets"; sourceTree = "<group>"; };
		17C08F6B26CEBC7500E9E69A /* Info.plist */ = {isa = PBXFileReference; lastKnownFileType = text.plist.xml; path = Info.plist; sourceTree = "<group>"; };
		17C08F6C26CEBC7500E9E69A /* PushNotificationPayload.apns */ = {isa = PBXFileReference; lastKnownFileType = text; path = PushNotificationPayload.apns; sourceTree = "<group>"; };
		17C08F7126CEBC7500E9E69A /* WatchLandmarksTests.xctest */ = {isa = PBXFileReference; explicitFileType = wrapper.cfbundle; includeInIndex = 0; path = WatchLandmarksTests.xctest; sourceTree = BUILT_PRODUCTS_DIR; };
		17C08F7526CEBC7500E9E69A /* WatchLandmarksTests.swift */ = {isa = PBXFileReference; lastKnownFileType = sourcecode.swift; path = WatchLandmarksTests.swift; sourceTree = "<group>"; };
		17C08F7726CEBC7500E9E69A /* Info.plist */ = {isa = PBXFileReference; lastKnownFileType = text.plist.xml; path = Info.plist; sourceTree = "<group>"; };
		17C08F7C26CEBC7500E9E69A /* WatchLandmarksUITests.xctest */ = {isa = PBXFileReference; explicitFileType = wrapper.cfbundle; includeInIndex = 0; path = WatchLandmarksUITests.xctest; sourceTree = BUILT_PRODUCTS_DIR; };
		17C08F8026CEBC7500E9E69A /* WatchLandmarksUITests.swift */ = {isa = PBXFileReference; lastKnownFileType = sourcecode.swift; path = WatchLandmarksUITests.swift; sourceTree = "<group>"; };
		17C08F8226CEBC7500E9E69A /* Info.plist */ = {isa = PBXFileReference; lastKnownFileType = text.plist.xml; path = Info.plist; sourceTree = "<group>"; };
/* End PBXFileReference section */

/* Begin PBXFrameworksBuildPhase section */
		1745066D26CD74B10052C822 /* Frameworks */ = {
			isa = PBXFrameworksBuildPhase;
			buildActionMask = 2147483647;
			files = (
			);
			runOnlyForDeploymentPostprocessing = 0;
		};
		1745068326CD74B30052C822 /* Frameworks */ = {
			isa = PBXFrameworksBuildPhase;
			buildActionMask = 2147483647;
			files = (
			);
			runOnlyForDeploymentPostprocessing = 0;
		};
		1745068E26CD74B30052C822 /* Frameworks */ = {
			isa = PBXFrameworksBuildPhase;
			buildActionMask = 2147483647;
			files = (
			);
			runOnlyForDeploymentPostprocessing = 0;
		};
		17C08F5426CEBC6F00E9E69A /* Frameworks */ = {
			isa = PBXFrameworksBuildPhase;
			buildActionMask = 2147483647;
			files = (
			);
			runOnlyForDeploymentPostprocessing = 0;
		};
		17C08F6E26CEBC7500E9E69A /* Frameworks */ = {
			isa = PBXFrameworksBuildPhase;
			buildActionMask = 2147483647;
			files = (
			);
			runOnlyForDeploymentPostprocessing = 0;
		};
		17C08F7926CEBC7500E9E69A /* Frameworks */ = {
			isa = PBXFrameworksBuildPhase;
			buildActionMask = 2147483647;
			files = (
			);
			runOnlyForDeploymentPostprocessing = 0;
		};
/* End PBXFrameworksBuildPhase section */

/* Begin PBXGroup section */
		1745066726CD74B10052C822 = {
			isa = PBXGroup;
			children = (
				1745067226CD74B10052C822 /* Landmarks */,
				1745068926CD74B30052C822 /* LandmarksTests */,
				1745069426CD74B30052C822 /* LandmarksUITests */,
				17C08F4F26CEBC6900E9E69A /* WatchLandmarks */,
				17C08F5B26CEBC6F00E9E69A /* WatchLandmarks Extension */,
				17C08F7426CEBC7500E9E69A /* WatchLandmarksTests */,
				17C08F7F26CEBC7500E9E69A /* WatchLandmarksUITests */,
				1745067126CD74B10052C822 /* Products */,
			);
			sourceTree = "<group>";
		};
		1745067126CD74B10052C822 /* Products */ = {
			isa = PBXGroup;
			children = (
				1745067026CD74B10052C822 /* Landmarks.app */,
				1745068626CD74B30052C822 /* LandmarksTests.xctest */,
				1745069126CD74B30052C822 /* LandmarksUITests.xctest */,
				17C08F4E26CEBC6900E9E69A /* WatchLandmarks.app */,
				17C08F5726CEBC6F00E9E69A /* WatchLandmarks Extension.appex */,
				17C08F7126CEBC7500E9E69A /* WatchLandmarksTests.xctest */,
				17C08F7C26CEBC7500E9E69A /* WatchLandmarksUITests.xctest */,
			);
			name = Products;
			sourceTree = "<group>";
		};
		1745067226CD74B10052C822 /* Landmarks */ = {
			isa = PBXGroup;
			children = (
				174506AF26CD84560052C822 /* Resources */,
				174506AE26CD844F0052C822 /* Model */,
				174506AD26CD84470052C822 /* Views */,
				1745067326CD74B10052C822 /* LandmarksApp.swift */,
				174506A926CD7A020052C822 /* Landmark.swift */,
				1745067726CD74B20052C822 /* Assets.xcassets */,
				1745067C26CD74B20052C822 /* Persistence.swift */,
				1745068126CD74B20052C822 /* Info.plist */,
				1745067E26CD74B20052C822 /* Landmarks.xcdatamodeld */,
				1745067926CD74B20052C822 /* Preview Content */,
			);
			path = Landmarks;
			sourceTree = "<group>";
		};
		1745067926CD74B20052C822 /* Preview Content */ = {
			isa = PBXGroup;
			children = (
				1745067A26CD74B20052C822 /* Preview Assets.xcassets */,
			);
			path = "Preview Content";
			sourceTree = "<group>";
		};
		1745068926CD74B30052C822 /* LandmarksTests */ = {
			isa = PBXGroup;
			children = (
				1745068A26CD74B30052C822 /* LandmarksTests.swift */,
				1745068C26CD74B30052C822 /* Info.plist */,
			);
			path = LandmarksTests;
			sourceTree = "<group>";
		};
		1745069426CD74B30052C822 /* LandmarksUITests */ = {
			isa = PBXGroup;
			children = (
				1745069526CD74B30052C822 /* LandmarksUITests.swift */,
				1745069726CD74B30052C822 /* Info.plist */,
			);
			path = LandmarksUITests;
			sourceTree = "<group>";
		};
		174506AD26CD84470052C822 /* Views */ = {
			isa = PBXGroup;
			children = (
				17C08F4A26CEB80F00E9E69A /* Helpers */,
				17C08F4B26CEB84600E9E69A /* Landmarks */,
				1745067526CD74B10052C822 /* ContentView.swift */,
			);
			path = Views;
			sourceTree = "<group>";
		};
		174506AE26CD844F0052C822 /* Model */ = {
			isa = PBXGroup;
			children = (
				174506AB26CD835E0052C822 /* ModelData.swift */,
			);
			path = Model;
			sourceTree = "<group>";
		};
		174506AF26CD84560052C822 /* Resources */ = {
			isa = PBXGroup;
			children = (
				174506A726CD79EF0052C822 /* landmarkData.json */,
			);
			path = Resources;
			sourceTree = "<group>";
		};
		17C08F4A26CEB80F00E9E69A /* Helpers */ = {
			isa = PBXGroup;
			children = (
				174506A326CD76CA0052C822 /* CircleImage.swift */,
				174506A526CD773A0052C822 /* MapView.swift */,
				17C08F4826CEB76A00E9E69A /* FavoriteButton.swift */,
			);
			path = Helpers;
			sourceTree = "<group>";
		};
		17C08F4B26CEB84600E9E69A /* Landmarks */ = {
			isa = PBXGroup;
			children = (
				174506B026CD849C0052C822 /* LandmarkRow.swift */,
				174506B226CD86110052C822 /* LandmarkList.swift */,
				174506B426CD86FD0052C822 /* LandmarkDetail.swift */,
			);
			path = Landmarks;
			sourceTree = "<group>";
		};
		17C08F4F26CEBC6900E9E69A /* WatchLandmarks */ = {
			isa = PBXGroup;
			children = (
				17C08F5026CEBC6F00E9E69A /* Assets.xcassets */,
				17C08F5226CEBC6F00E9E69A /* Info.plist */,
			);
			path = WatchLandmarks;
			sourceTree = "<group>";
		};
		17C08F5B26CEBC6F00E9E69A /* WatchLandmarks Extension */ = {
			isa = PBXGroup;
			children = (
				17C08F5C26CEBC6F00E9E69A /* LandmarksApp.swift */,
				17C08F5E26CEBC6F00E9E69A /* ContentView.swift */,
				17C08F6026CEBC6F00E9E69A /* NotificationController.swift */,
				17C08F6226CEBC6F00E9E69A /* NotificationView.swift */,
				17C08F6426CEBC6F00E9E69A /* ComplicationController.swift */,
				17C08F6626CEBC7500E9E69A /* Assets.xcassets */,
				17C08F6B26CEBC7500E9E69A /* Info.plist */,
				17C08F6C26CEBC7500E9E69A /* PushNotificationPayload.apns */,
				17C08F6826CEBC7500E9E69A /* Preview Content */,
			);
			path = "WatchLandmarks Extension";
			sourceTree = "<group>";
		};
		17C08F6826CEBC7500E9E69A /* Preview Content */ = {
			isa = PBXGroup;
			children = (
				17C08F6926CEBC7500E9E69A /* Preview Assets.xcassets */,
			);
			path = "Preview Content";
			sourceTree = "<group>";
		};
		17C08F7426CEBC7500E9E69A /* WatchLandmarksTests */ = {
			isa = PBXGroup;
			children = (
				17C08F7526CEBC7500E9E69A /* WatchLandmarksTests.swift */,
				17C08F7726CEBC7500E9E69A /* Info.plist */,
			);
			path = WatchLandmarksTests;
			sourceTree = "<group>";
		};
		17C08F7F26CEBC7500E9E69A /* WatchLandmarksUITests */ = {
			isa = PBXGroup;
			children = (
				17C08F8026CEBC7500E9E69A /* WatchLandmarksUITests.swift */,
				17C08F8226CEBC7500E9E69A /* Info.plist */,
			);
			path = WatchLandmarksUITests;
			sourceTree = "<group>";
		};
/* End PBXGroup section */

/* Begin PBXNativeTarget section */
		1745066F26CD74B10052C822 /* Landmarks */ = {
			isa = PBXNativeTarget;
			buildConfigurationList = 1745069A26CD74B30052C822 /* Build configuration list for PBXNativeTarget "Landmarks" */;
			buildPhases = (
				1745066C26CD74B10052C822 /* Sources */,
				1745066D26CD74B10052C822 /* Frameworks */,
				1745066E26CD74B10052C822 /* Resources */,
				17C08F8D26CEBC7500E9E69A /* Embed Watch Content */,
			);
			buildRules = (
			);
			dependencies = (
				17C08F8426CEBC7500E9E69A /* PBXTargetDependency */,
			);
			name = Landmarks;
			productName = Landmarks;
			productReference = 1745067026CD74B10052C822 /* Landmarks.app */;
			productType = "com.apple.product-type.application";
		};
		1745068526CD74B30052C822 /* LandmarksTests */ = {
			isa = PBXNativeTarget;
			buildConfigurationList = 1745069D26CD74B30052C822 /* Build configuration list for PBXNativeTarget "LandmarksTests" */;
			buildPhases = (
				1745068226CD74B30052C822 /* Sources */,
				1745068326CD74B30052C822 /* Frameworks */,
				1745068426CD74B30052C822 /* Resources */,
			);
			buildRules = (
			);
			dependencies = (
				1745068826CD74B30052C822 /* PBXTargetDependency */,
			);
			name = LandmarksTests;
			productName = LandmarksTests;
			productReference = 1745068626CD74B30052C822 /* LandmarksTests.xctest */;
			productType = "com.apple.product-type.bundle.unit-test";
		};
		1745069026CD74B30052C822 /* LandmarksUITests */ = {
			isa = PBXNativeTarget;
			buildConfigurationList = 174506A026CD74B30052C822 /* Build configuration list for PBXNativeTarget "LandmarksUITests" */;
			buildPhases = (
				1745068D26CD74B30052C822 /* Sources */,
				1745068E26CD74B30052C822 /* Frameworks */,
				1745068F26CD74B30052C822 /* Resources */,
			);
			buildRules = (
			);
			dependencies = (
				1745069326CD74B30052C822 /* PBXTargetDependency */,
			);
			name = LandmarksUITests;
			productName = LandmarksUITests;
			productReference = 1745069126CD74B30052C822 /* LandmarksUITests.xctest */;
			productType = "com.apple.product-type.bundle.ui-testing";
		};
		17C08F4D26CEBC6900E9E69A /* WatchLandmarks */ = {
			isa = PBXNativeTarget;
			buildConfigurationList = 17C08F8A26CEBC7500E9E69A /* Build configuration list for PBXNativeTarget "WatchLandmarks" */;
			buildPhases = (
				17C08F4C26CEBC6900E9E69A /* Resources */,
				17C08F8926CEBC7500E9E69A /* Embed App Extensions */,
			);
			buildRules = (
			);
			dependencies = (
				17C08F5A26CEBC6F00E9E69A /* PBXTargetDependency */,
			);
			name = WatchLandmarks;
			productName = WatchLandmarks;
			productReference = 17C08F4E26CEBC6900E9E69A /* WatchLandmarks.app */;
			productType = "com.apple.product-type.application.watchapp2";
		};
		17C08F5626CEBC6F00E9E69A /* WatchLandmarks Extension */ = {
			isa = PBXNativeTarget;
			buildConfigurationList = 17C08F8626CEBC7500E9E69A /* Build configuration list for PBXNativeTarget "WatchLandmarks Extension" */;
			buildPhases = (
				17C08F5326CEBC6F00E9E69A /* Sources */,
				17C08F5426CEBC6F00E9E69A /* Frameworks */,
				17C08F5526CEBC6F00E9E69A /* Resources */,
			);
			buildRules = (
			);
			dependencies = (
			);
			name = "WatchLandmarks Extension";
			productName = "WatchLandmarks Extension";
			productReference = 17C08F5726CEBC6F00E9E69A /* WatchLandmarks Extension.appex */;
			productType = "com.apple.product-type.watchkit2-extension";
		};
		17C08F7026CEBC7500E9E69A /* WatchLandmarksTests */ = {
			isa = PBXNativeTarget;
			buildConfigurationList = 17C08F8E26CEBC7500E9E69A /* Build configuration list for PBXNativeTarget "WatchLandmarksTests" */;
			buildPhases = (
				17C08F6D26CEBC7500E9E69A /* Sources */,
				17C08F6E26CEBC7500E9E69A /* Frameworks */,
				17C08F6F26CEBC7500E9E69A /* Resources */,
			);
			buildRules = (
			);
			dependencies = (
				17C08F7326CEBC7500E9E69A /* PBXTargetDependency */,
			);
			name = WatchLandmarksTests;
			productName = WatchLandmarksTests;
			productReference = 17C08F7126CEBC7500E9E69A /* WatchLandmarksTests.xctest */;
			productType = "com.apple.product-type.bundle.unit-test";
		};
		17C08F7B26CEBC7500E9E69A /* WatchLandmarksUITests */ = {
			isa = PBXNativeTarget;
			buildConfigurationList = 17C08F9126CEBC7500E9E69A /* Build configuration list for PBXNativeTarget "WatchLandmarksUITests" */;
			buildPhases = (
				17C08F7826CEBC7500E9E69A /* Sources */,
				17C08F7926CEBC7500E9E69A /* Frameworks */,
				17C08F7A26CEBC7500E9E69A /* Resources */,
			);
			buildRules = (
			);
			dependencies = (
				17C08F7E26CEBC7500E9E69A /* PBXTargetDependency */,
			);
			name = WatchLandmarksUITests;
			productName = WatchLandmarksUITests;
			productReference = 17C08F7C26CEBC7500E9E69A /* WatchLandmarksUITests.xctest */;
			productType = "com.apple.product-type.bundle.ui-testing";
		};
/* End PBXNativeTarget section */

/* Begin PBXProject section */
		1745066826CD74B10052C822 /* Project object */ = {
			isa = PBXProject;
			attributes = {
				LastSwiftUpdateCheck = 1250;
				LastUpgradeCheck = 1250;
				TargetAttributes = {
					1745066F26CD74B10052C822 = {
						CreatedOnToolsVersion = 12.5.1;
					};
					1745068526CD74B30052C822 = {
						CreatedOnToolsVersion = 12.5.1;
						TestTargetID = 1745066F26CD74B10052C822;
					};
					1745069026CD74B30052C822 = {
						CreatedOnToolsVersion = 12.5.1;
						TestTargetID = 1745066F26CD74B10052C822;
					};
					17C08F4D26CEBC6900E9E69A = {
						CreatedOnToolsVersion = 12.5.1;
					};
					17C08F5626CEBC6F00E9E69A = {
						CreatedOnToolsVersion = 12.5.1;
					};
					17C08F7026CEBC7500E9E69A = {
						CreatedOnToolsVersion = 12.5.1;
						TestTargetID = 17C08F5626CEBC6F00E9E69A;
					};
					17C08F7B26CEBC7500E9E69A = {
						CreatedOnToolsVersion = 12.5.1;
						TestTargetID = 17C08F4D26CEBC6900E9E69A;
					};
				};
			};
			buildConfigurationList = 1745066B26CD74B10052C822 /* Build configuration list for PBXProject "Landmarks" */;
			compatibilityVersion = "Xcode 9.3";
			developmentRegion = en;
			hasScannedForEncodings = 0;
			knownRegions = (
				en,
				Base,
			);
			mainGroup = 1745066726CD74B10052C822;
			productRefGroup = 1745067126CD74B10052C822 /* Products */;
			projectDirPath = "";
			projectRoot = "";
			targets = (
				1745066F26CD74B10052C822 /* Landmarks */,
				1745068526CD74B30052C822 /* LandmarksTests */,
				1745069026CD74B30052C822 /* LandmarksUITests */,
				17C08F4D26CEBC6900E9E69A /* WatchLandmarks */,
				17C08F5626CEBC6F00E9E69A /* WatchLandmarks Extension */,
				17C08F7026CEBC7500E9E69A /* WatchLandmarksTests */,
				17C08F7B26CEBC7500E9E69A /* WatchLandmarksUITests */,
			);
		};
/* End PBXProject section */

/* Begin PBXResourcesBuildPhase section */
		1745066E26CD74B10052C822 /* Resources */ = {
			isa = PBXResourcesBuildPhase;
			buildActionMask = 2147483647;
			files = (
				1745067B26CD74B20052C822 /* Preview Assets.xcassets in Resources */,
				1745067826CD74B20052C822 /* Assets.xcassets in Resources */,
				174506A826CD79EF0052C822 /* landmarkData.json in Resources */,
			);
			runOnlyForDeploymentPostprocessing = 0;
		};
		1745068426CD74B30052C822 /* Resources */ = {
			isa = PBXResourcesBuildPhase;
			buildActionMask = 2147483647;
			files = (
			);
			runOnlyForDeploymentPostprocessing = 0;
		};
		1745068F26CD74B30052C822 /* Resources */ = {
			isa = PBXResourcesBuildPhase;
			buildActionMask = 2147483647;
			files = (
			);
			runOnlyForDeploymentPostprocessing = 0;
		};
		17C08F4C26CEBC6900E9E69A /* Resources */ = {
			isa = PBXResourcesBuildPhase;
			buildActionMask = 2147483647;
			files = (
				17C08F5126CEBC6F00E9E69A /* Assets.xcassets in Resources */,
			);
			runOnlyForDeploymentPostprocessing = 0;
		};
		17C08F5526CEBC6F00E9E69A /* Resources */ = {
			isa = PBXResourcesBuildPhase;
			buildActionMask = 2147483647;
			files = (
				17C08F6A26CEBC7500E9E69A /* Preview Assets.xcassets in Resources */,
				17C08F6726CEBC7500E9E69A /* Assets.xcassets in Resources */,
			);
			runOnlyForDeploymentPostprocessing = 0;
		};
		17C08F6F26CEBC7500E9E69A /* Resources */ = {
			isa = PBXResourcesBuildPhase;
			buildActionMask = 2147483647;
			files = (
			);
			runOnlyForDeploymentPostprocessing = 0;
		};
		17C08F7A26CEBC7500E9E69A /* Resources */ = {
			isa = PBXResourcesBuildPhase;
			buildActionMask = 2147483647;
			files = (
			);
			runOnlyForDeploymentPostprocessing = 0;
		};
/* End PBXResourcesBuildPhase section */

/* Begin PBXSourcesBuildPhase section */
		1745066C26CD74B10052C822 /* Sources */ = {
			isa = PBXSourcesBuildPhase;
			buildActionMask = 2147483647;
			files = (
				174506AA26CD7A020052C822 /* Landmark.swift in Sources */,
				1745067D26CD74B20052C822 /* Persistence.swift in Sources */,
				174506A626CD773A0052C822 /* MapView.swift in Sources */,
				17C08F4926CEB76A00E9E69A /* FavoriteButton.swift in Sources */,
				1745067626CD74B10052C822 /* ContentView.swift in Sources */,
				1745067426CD74B10052C822 /* LandmarksApp.swift in Sources */,
				174506AC26CD835E0052C822 /* ModelData.swift in Sources */,
				1745068026CD74B20052C822 /* Landmarks.xcdatamodeld in Sources */,
				174506A426CD76CA0052C822 /* CircleImage.swift in Sources */,
				174506B126CD849C0052C822 /* LandmarkRow.swift in Sources */,
				174506B326CD86110052C822 /* LandmarkList.swift in Sources */,
				174506B526CD86FD0052C822 /* LandmarkDetail.swift in Sources */,
			);
			runOnlyForDeploymentPostprocessing = 0;
		};
		1745068226CD74B30052C822 /* Sources */ = {
			isa = PBXSourcesBuildPhase;
			buildActionMask = 2147483647;
			files = (
				1745068B26CD74B30052C822 /* LandmarksTests.swift in Sources */,
			);
			runOnlyForDeploymentPostprocessing = 0;
		};
		1745068D26CD74B30052C822 /* Sources */ = {
			isa = PBXSourcesBuildPhase;
			buildActionMask = 2147483647;
			files = (
				1745069626CD74B30052C822 /* LandmarksUITests.swift in Sources */,
			);
			runOnlyForDeploymentPostprocessing = 0;
		};
		17C08F5326CEBC6F00E9E69A /* Sources */ = {
			isa = PBXSourcesBuildPhase;
			buildActionMask = 2147483647;
			files = (
				17C08F6126CEBC6F00E9E69A /* NotificationController.swift in Sources */,
				17C08F5F26CEBC6F00E9E69A /* ContentView.swift in Sources */,
				17C08F6526CEBC6F00E9E69A /* ComplicationController.swift in Sources */,
				17C08F5D26CEBC6F00E9E69A /* LandmarksApp.swift in Sources */,
				17C08F6326CEBC6F00E9E69A /* NotificationView.swift in Sources */,
			);
			runOnlyForDeploymentPostprocessing = 0;
		};
		17C08F6D26CEBC7500E9E69A /* Sources */ = {
			isa = PBXSourcesBuildPhase;
			buildActionMask = 2147483647;
			files = (
				17C08F7626CEBC7500E9E69A /* WatchLandmarksTests.swift in Sources */,
			);
			runOnlyForDeploymentPostprocessing = 0;
		};
		17C08F7826CEBC7500E9E69A /* Sources */ = {
			isa = PBXSourcesBuildPhase;
			buildActionMask = 2147483647;
			files = (
				17C08F8126CEBC7500E9E69A /* WatchLandmarksUITests.swift in Sources */,
			);
			runOnlyForDeploymentPostprocessing = 0;
		};
/* End PBXSourcesBuildPhase section */

/* Begin PBXTargetDependency section */
		1745068826CD74B30052C822 /* PBXTargetDependency */ = {
			isa = PBXTargetDependency;
			target = 1745066F26CD74B10052C822 /* Landmarks */;
			targetProxy = 1745068726CD74B30052C822 /* PBXContainerItemProxy */;
		};
		1745069326CD74B30052C822 /* PBXTargetDependency */ = {
			isa = PBXTargetDependency;
			target = 1745066F26CD74B10052C822 /* Landmarks */;
			targetProxy = 1745069226CD74B30052C822 /* PBXContainerItemProxy */;
		};
		17C08F5A26CEBC6F00E9E69A /* PBXTargetDependency */ = {
			isa = PBXTargetDependency;
			target = 17C08F5626CEBC6F00E9E69A /* WatchLandmarks Extension */;
			targetProxy = 17C08F5926CEBC6F00E9E69A /* PBXContainerItemProxy */;
		};
		17C08F7326CEBC7500E9E69A /* PBXTargetDependency */ = {
			isa = PBXTargetDependency;
			target = 17C08F5626CEBC6F00E9E69A /* WatchLandmarks Extension */;
			targetProxy = 17C08F7226CEBC7500E9E69A /* PBXContainerItemProxy */;
		};
		17C08F7E26CEBC7500E9E69A /* PBXTargetDependency */ = {
			isa = PBXTargetDependency;
			target = 17C08F4D26CEBC6900E9E69A /* WatchLandmarks */;
			targetProxy = 17C08F7D26CEBC7500E9E69A /* PBXContainerItemProxy */;
		};
		17C08F8426CEBC7500E9E69A /* PBXTargetDependency */ = {
			isa = PBXTargetDependency;
			target = 17C08F4D26CEBC6900E9E69A /* WatchLandmarks */;
			targetProxy = 17C08F8326CEBC7500E9E69A /* PBXContainerItemProxy */;
		};
/* End PBXTargetDependency section */

/* Begin XCBuildConfiguration section */
		1745069826CD74B30052C822 /* Debug */ = {
			isa = XCBuildConfiguration;
			buildSettings = {
				ALWAYS_SEARCH_USER_PATHS = NO;
				CLANG_ANALYZER_NONNULL = YES;
				CLANG_ANALYZER_NUMBER_OBJECT_CONVERSION = YES_AGGRESSIVE;
				CLANG_CXX_LANGUAGE_STANDARD = "gnu++14";
				CLANG_CXX_LIBRARY = "libc++";
				CLANG_ENABLE_MODULES = YES;
				CLANG_ENABLE_OBJC_ARC = YES;
				CLANG_ENABLE_OBJC_WEAK = YES;
				CLANG_WARN_BLOCK_CAPTURE_AUTORELEASING = YES;
				CLANG_WARN_BOOL_CONVERSION = YES;
				CLANG_WARN_COMMA = YES;
				CLANG_WARN_CONSTANT_CONVERSION = YES;
				CLANG_WARN_DEPRECATED_OBJC_IMPLEMENTATIONS = YES;
				CLANG_WARN_DIRECT_OBJC_ISA_USAGE = YES_ERROR;
				CLANG_WARN_DOCUMENTATION_COMMENTS = YES;
				CLANG_WARN_EMPTY_BODY = YES;
				CLANG_WARN_ENUM_CONVERSION = YES;
				CLANG_WARN_INFINITE_RECURSION = YES;
				CLANG_WARN_INT_CONVERSION = YES;
				CLANG_WARN_NON_LITERAL_NULL_CONVERSION = YES;
				CLANG_WARN_OBJC_IMPLICIT_RETAIN_SELF = YES;
				CLANG_WARN_OBJC_LITERAL_CONVERSION = YES;
				CLANG_WARN_OBJC_ROOT_CLASS = YES_ERROR;
				CLANG_WARN_QUOTED_INCLUDE_IN_FRAMEWORK_HEADER = YES;
				CLANG_WARN_RANGE_LOOP_ANALYSIS = YES;
				CLANG_WARN_STRICT_PROTOTYPES = YES;
				CLANG_WARN_SUSPICIOUS_MOVE = YES;
				CLANG_WARN_UNGUARDED_AVAILABILITY = YES_AGGRESSIVE;
				CLANG_WARN_UNREACHABLE_CODE = YES;
				CLANG_WARN__DUPLICATE_METHOD_MATCH = YES;
				COPY_PHASE_STRIP = NO;
				DEBUG_INFORMATION_FORMAT = dwarf;
				ENABLE_STRICT_OBJC_MSGSEND = YES;
				ENABLE_TESTABILITY = YES;
				GCC_C_LANGUAGE_STANDARD = gnu11;
				GCC_DYNAMIC_NO_PIC = NO;
				GCC_NO_COMMON_BLOCKS = YES;
				GCC_OPTIMIZATION_LEVEL = 0;
				GCC_PREPROCESSOR_DEFINITIONS = (
					"DEBUG=1",
					"$(inherited)",
				);
				GCC_WARN_64_TO_32_BIT_CONVERSION = YES;
				GCC_WARN_ABOUT_RETURN_TYPE = YES_ERROR;
				GCC_WARN_UNDECLARED_SELECTOR = YES;
				GCC_WARN_UNINITIALIZED_AUTOS = YES_AGGRESSIVE;
				GCC_WARN_UNUSED_FUNCTION = YES;
				GCC_WARN_UNUSED_VARIABLE = YES;
				IPHONEOS_DEPLOYMENT_TARGET = 14.5;
				MTL_ENABLE_DEBUG_INFO = INCLUDE_SOURCE;
				MTL_FAST_MATH = YES;
				ONLY_ACTIVE_ARCH = YES;
				SDKROOT = iphoneos;
				SWIFT_ACTIVE_COMPILATION_CONDITIONS = DEBUG;
				SWIFT_OPTIMIZATION_LEVEL = "-Onone";
			};
			name = Debug;
		};
		1745069926CD74B30052C822 /* Release */ = {
			isa = XCBuildConfiguration;
			buildSettings = {
				ALWAYS_SEARCH_USER_PATHS = NO;
				CLANG_ANALYZER_NONNULL = YES;
				CLANG_ANALYZER_NUMBER_OBJECT_CONVERSION = YES_AGGRESSIVE;
				CLANG_CXX_LANGUAGE_STANDARD = "gnu++14";
				CLANG_CXX_LIBRARY = "libc++";
				CLANG_ENABLE_MODULES = YES;
				CLANG_ENABLE_OBJC_ARC = YES;
				CLANG_ENABLE_OBJC_WEAK = YES;
				CLANG_WARN_BLOCK_CAPTURE_AUTORELEASING = YES;
				CLANG_WARN_BOOL_CONVERSION = YES;
				CLANG_WARN_COMMA = YES;
				CLANG_WARN_CONSTANT_CONVERSION = YES;
				CLANG_WARN_DEPRECATED_OBJC_IMPLEMENTATIONS = YES;
				CLANG_WARN_DIRECT_OBJC_ISA_USAGE = YES_ERROR;
				CLANG_WARN_DOCUMENTATION_COMMENTS = YES;
				CLANG_WARN_EMPTY_BODY = YES;
				CLANG_WARN_ENUM_CONVERSION = YES;
				CLANG_WARN_INFINITE_RECURSION = YES;
				CLANG_WARN_INT_CONVERSION = YES;
				CLANG_WARN_NON_LITERAL_NULL_CONVERSION = YES;
				CLANG_WARN_OBJC_IMPLICIT_RETAIN_SELF = YES;
				CLANG_WARN_OBJC_LITERAL_CONVERSION = YES;
				CLANG_WARN_OBJC_ROOT_CLASS = YES_ERROR;
				CLANG_WARN_QUOTED_INCLUDE_IN_FRAMEWORK_HEADER = YES;
				CLANG_WARN_RANGE_LOOP_ANALYSIS = YES;
				CLANG_WARN_STRICT_PROTOTYPES = YES;
				CLANG_WARN_SUSPICIOUS_MOVE = YES;
				CLANG_WARN_UNGUARDED_AVAILABILITY = YES_AGGRESSIVE;
				CLANG_WARN_UNREACHABLE_CODE = YES;
				CLANG_WARN__DUPLICATE_METHOD_MATCH = YES;
				COPY_PHASE_STRIP = NO;
				DEBUG_INFORMATION_FORMAT = "dwarf-with-dsym";
				ENABLE_NS_ASSERTIONS = NO;
				ENABLE_STRICT_OBJC_MSGSEND = YES;
				GCC_C_LANGUAGE_STANDARD = gnu11;
				GCC_NO_COMMON_BLOCKS = YES;
				GCC_WARN_64_TO_32_BIT_CONVERSION = YES;
				GCC_WARN_ABOUT_RETURN_TYPE = YES_ERROR;
				GCC_WARN_UNDECLARED_SELECTOR = YES;
				GCC_WARN_UNINITIALIZED_AUTOS = YES_AGGRESSIVE;
				GCC_WARN_UNUSED_FUNCTION = YES;
				GCC_WARN_UNUSED_VARIABLE = YES;
				IPHONEOS_DEPLOYMENT_TARGET = 14.5;
				MTL_ENABLE_DEBUG_INFO = NO;
				MTL_FAST_MATH = YES;
				SDKROOT = iphoneos;
				SWIFT_COMPILATION_MODE = wholemodule;
				SWIFT_OPTIMIZATION_LEVEL = "-O";
				VALIDATE_PRODUCT = YES;
			};
			name = Release;
		};
		1745069B26CD74B30052C822 /* Debug */ = {
			isa = XCBuildConfiguration;
			buildSettings = {
				ASSETCATALOG_COMPILER_APPICON_NAME = AppIcon;
				ASSETCATALOG_COMPILER_GLOBAL_ACCENT_COLOR_NAME = AccentColor;
				CODE_SIGN_STYLE = Automatic;
				DEVELOPMENT_ASSET_PATHS = "\"Landmarks/Preview Content\"";
				DEVELOPMENT_TEAM = 45N4YCBZCJ;
				ENABLE_PREVIEWS = YES;
				INFOPLIST_FILE = Landmarks/Info.plist;
				IPHONEOS_DEPLOYMENT_TARGET = 14.0;
				LD_RUNPATH_SEARCH_PATHS = (
					"$(inherited)",
					"@executable_path/Frameworks",
				);
				PRODUCT_BUNDLE_IDENTIFIER = mohsulthana.Landmarks;
				PRODUCT_NAME = "$(TARGET_NAME)";
				SWIFT_VERSION = 5.0;
				TARGETED_DEVICE_FAMILY = "1,2";
			};
			name = Debug;
		};
		1745069C26CD74B30052C822 /* Release */ = {
			isa = XCBuildConfiguration;
			buildSettings = {
				ASSETCATALOG_COMPILER_APPICON_NAME = AppIcon;
				ASSETCATALOG_COMPILER_GLOBAL_ACCENT_COLOR_NAME = AccentColor;
				CODE_SIGN_STYLE = Automatic;
				DEVELOPMENT_ASSET_PATHS = "\"Landmarks/Preview Content\"";
				DEVELOPMENT_TEAM = 45N4YCBZCJ;
				ENABLE_PREVIEWS = YES;
				INFOPLIST_FILE = Landmarks/Info.plist;
				IPHONEOS_DEPLOYMENT_TARGET = 14.0;
				LD_RUNPATH_SEARCH_PATHS = (
					"$(inherited)",
					"@executable_path/Frameworks",
				);
				PRODUCT_BUNDLE_IDENTIFIER = mohsulthana.Landmarks;
				PRODUCT_NAME = "$(TARGET_NAME)";
				SWIFT_VERSION = 5.0;
				TARGETED_DEVICE_FAMILY = "1,2";
			};
			name = Release;
		};
		1745069E26CD74B30052C822 /* Debug */ = {
			isa = XCBuildConfiguration;
			buildSettings = {
				ALWAYS_EMBED_SWIFT_STANDARD_LIBRARIES = YES;
				BUNDLE_LOADER = "$(TEST_HOST)";
				CODE_SIGN_STYLE = Automatic;
				DEVELOPMENT_TEAM = 45N4YCBZCJ;
				INFOPLIST_FILE = LandmarksTests/Info.plist;
				IPHONEOS_DEPLOYMENT_TARGET = 14.0;
				LD_RUNPATH_SEARCH_PATHS = (
					"$(inherited)",
					"@executable_path/Frameworks",
					"@loader_path/Frameworks",
				);
				PRODUCT_BUNDLE_IDENTIFIER = mohsulthana.LandmarksTests;
				PRODUCT_NAME = "$(TARGET_NAME)";
				SWIFT_VERSION = 5.0;
				TARGETED_DEVICE_FAMILY = "1,2";
				TEST_HOST = "$(BUILT_PRODUCTS_DIR)/Landmarks.app/Landmarks";
			};
			name = Debug;
		};
		1745069F26CD74B30052C822 /* Release */ = {
			isa = XCBuildConfiguration;
			buildSettings = {
				ALWAYS_EMBED_SWIFT_STANDARD_LIBRARIES = YES;
				BUNDLE_LOADER = "$(TEST_HOST)";
				CODE_SIGN_STYLE = Automatic;
				DEVELOPMENT_TEAM = 45N4YCBZCJ;
				INFOPLIST_FILE = LandmarksTests/Info.plist;
				IPHONEOS_DEPLOYMENT_TARGET = 14.0;
				LD_RUNPATH_SEARCH_PATHS = (
					"$(inherited)",
					"@executable_path/Frameworks",
					"@loader_path/Frameworks",
				);
				PRODUCT_BUNDLE_IDENTIFIER = mohsulthana.LandmarksTests;
				PRODUCT_NAME = "$(TARGET_NAME)";
				SWIFT_VERSION = 5.0;
				TARGETED_DEVICE_FAMILY = "1,2";
				TEST_HOST = "$(BUILT_PRODUCTS_DIR)/Landmarks.app/Landmarks";
			};
			name = Release;
		};
		174506A126CD74B30052C822 /* Debug */ = {
			isa = XCBuildConfiguration;
			buildSettings = {
				ALWAYS_EMBED_SWIFT_STANDARD_LIBRARIES = YES;
				CODE_SIGN_STYLE = Automatic;
				DEVELOPMENT_TEAM = 45N4YCBZCJ;
				INFOPLIST_FILE = LandmarksUITests/Info.plist;
				LD_RUNPATH_SEARCH_PATHS = (
					"$(inherited)",
					"@executable_path/Frameworks",
					"@loader_path/Frameworks",
				);
				PRODUCT_BUNDLE_IDENTIFIER = mohsulthana.LandmarksUITests;
				PRODUCT_NAME = "$(TARGET_NAME)";
				SWIFT_VERSION = 5.0;
				TARGETED_DEVICE_FAMILY = "1,2";
				TEST_TARGET_NAME = Landmarks;
			};
			name = Debug;
		};
		174506A226CD74B30052C822 /* Release */ = {
			isa = XCBuildConfiguration;
			buildSettings = {
				ALWAYS_EMBED_SWIFT_STANDARD_LIBRARIES = YES;
				CODE_SIGN_STYLE = Automatic;
				DEVELOPMENT_TEAM = 45N4YCBZCJ;
				INFOPLIST_FILE = LandmarksUITests/Info.plist;
				LD_RUNPATH_SEARCH_PATHS = (
					"$(inherited)",
					"@executable_path/Frameworks",
					"@loader_path/Frameworks",
				);
				PRODUCT_BUNDLE_IDENTIFIER = mohsulthana.LandmarksUITests;
				PRODUCT_NAME = "$(TARGET_NAME)";
				SWIFT_VERSION = 5.0;
				TARGETED_DEVICE_FAMILY = "1,2";
				TEST_TARGET_NAME = Landmarks;
			};
			name = Release;
		};
		17C08F8726CEBC7500E9E69A /* Debug */ = {
			isa = XCBuildConfiguration;
			buildSettings = {
				ASSETCATALOG_COMPILER_COMPLICATION_NAME = Complication;
				CODE_SIGN_STYLE = Automatic;
				DEVELOPMENT_ASSET_PATHS = "\"WatchLandmarks Extension/Preview Content\"";
				DEVELOPMENT_TEAM = 45N4YCBZCJ;
				ENABLE_PREVIEWS = YES;
				INFOPLIST_FILE = "WatchLandmarks Extension/Info.plist";
				LD_RUNPATH_SEARCH_PATHS = (
					"$(inherited)",
					"@executable_path/Frameworks",
					"@executable_path/../../Frameworks",
				);
				PRODUCT_BUNDLE_IDENTIFIER = mohsulthana.Landmarks.watchkitapp.watchkitextension;
				PRODUCT_NAME = "${TARGET_NAME}";
				SDKROOT = watchos;
				SKIP_INSTALL = YES;
				SWIFT_VERSION = 5.0;
				TARGETED_DEVICE_FAMILY = 4;
				WATCHOS_DEPLOYMENT_TARGET = 7.4;
			};
			name = Debug;
		};
		17C08F8826CEBC7500E9E69A /* Release */ = {
			isa = XCBuildConfiguration;
			buildSettings = {
				ASSETCATALOG_COMPILER_COMPLICATION_NAME = Complication;
				CODE_SIGN_STYLE = Automatic;
				DEVELOPMENT_ASSET_PATHS = "\"WatchLandmarks Extension/Preview Content\"";
				DEVELOPMENT_TEAM = 45N4YCBZCJ;
				ENABLE_PREVIEWS = YES;
				INFOPLIST_FILE = "WatchLandmarks Extension/Info.plist";
				LD_RUNPATH_SEARCH_PATHS = (
					"$(inherited)",
					"@executable_path/Frameworks",
					"@executable_path/../../Frameworks",
				);
				PRODUCT_BUNDLE_IDENTIFIER = mohsulthana.Landmarks.watchkitapp.watchkitextension;
				PRODUCT_NAME = "${TARGET_NAME}";
				SDKROOT = watchos;
				SKIP_INSTALL = YES;
				SWIFT_VERSION = 5.0;
				TARGETED_DEVICE_FAMILY = 4;
				WATCHOS_DEPLOYMENT_TARGET = 7.4;
			};
			name = Release;
		};
		17C08F8B26CEBC7500E9E69A /* Debug */ = {
			isa = XCBuildConfiguration;
			buildSettings = {
				ALWAYS_EMBED_SWIFT_STANDARD_LIBRARIES = YES;
				ASSETCATALOG_COMPILER_APPICON_NAME = AppIcon;
				ASSETCATALOG_COMPILER_GLOBAL_ACCENT_COLOR_NAME = AccentColor;
				CODE_SIGN_STYLE = Automatic;
				DEVELOPMENT_TEAM = 45N4YCBZCJ;
				IBSC_MODULE = WatchLandmarks_Extension;
				INFOPLIST_FILE = WatchLandmarks/Info.plist;
				PRODUCT_BUNDLE_IDENTIFIER = mohsulthana.Landmarks.watchkitapp;
				PRODUCT_NAME = "$(TARGET_NAME)";
				SDKROOT = watchos;
				SKIP_INSTALL = YES;
				SWIFT_VERSION = 5.0;
				TARGETED_DEVICE_FAMILY = 4;
				WATCHOS_DEPLOYMENT_TARGET = 7.4;
			};
			name = Debug;
		};
		17C08F8C26CEBC7500E9E69A /* Release */ = {
			isa = XCBuildConfiguration;
			buildSettings = {
				ALWAYS_EMBED_SWIFT_STANDARD_LIBRARIES = YES;
				ASSETCATALOG_COMPILER_APPICON_NAME = AppIcon;
				ASSETCATALOG_COMPILER_GLOBAL_ACCENT_COLOR_NAME = AccentColor;
				CODE_SIGN_STYLE = Automatic;
				DEVELOPMENT_TEAM = 45N4YCBZCJ;
				IBSC_MODULE = WatchLandmarks_Extension;
				INFOPLIST_FILE = WatchLandmarks/Info.plist;
				PRODUCT_BUNDLE_IDENTIFIER = mohsulthana.Landmarks.watchkitapp;
				PRODUCT_NAME = "$(TARGET_NAME)";
				SDKROOT = watchos;
				SKIP_INSTALL = YES;
				SWIFT_VERSION = 5.0;
				TARGETED_DEVICE_FAMILY = 4;
				WATCHOS_DEPLOYMENT_TARGET = 7.4;
			};
			name = Release;
		};
		17C08F8F26CEBC7500E9E69A /* Debug */ = {
			isa = XCBuildConfiguration;
			buildSettings = {
				ALWAYS_EMBED_SWIFT_STANDARD_LIBRARIES = YES;
				BUNDLE_LOADER = "$(TEST_HOST)";
				CODE_SIGN_STYLE = Automatic;
				DEVELOPMENT_TEAM = 45N4YCBZCJ;
				INFOPLIST_FILE = WatchLandmarksTests/Info.plist;
				LD_RUNPATH_SEARCH_PATHS = (
					"$(inherited)",
					"@executable_path/Frameworks",
					"@loader_path/Frameworks",
				);
				PRODUCT_BUNDLE_IDENTIFIER = mohsulthana.Landmarks.WatchLandmarksTests;
				PRODUCT_NAME = "$(TARGET_NAME)";
				SDKROOT = watchos;
				SWIFT_VERSION = 5.0;
				TARGETED_DEVICE_FAMILY = 4;
				TEST_HOST = "$(BUILT_PRODUCTS_DIR)/WatchLandmarks Extension.appex/WatchLandmarks Extension";
				WATCHOS_DEPLOYMENT_TARGET = 7.4;
			};
			name = Debug;
		};
		17C08F9026CEBC7500E9E69A /* Release */ = {
			isa = XCBuildConfiguration;
			buildSettings = {
				ALWAYS_EMBED_SWIFT_STANDARD_LIBRARIES = YES;
				BUNDLE_LOADER = "$(TEST_HOST)";
				CODE_SIGN_STYLE = Automatic;
				DEVELOPMENT_TEAM = 45N4YCBZCJ;
				INFOPLIST_FILE = WatchLandmarksTests/Info.plist;
				LD_RUNPATH_SEARCH_PATHS = (
					"$(inherited)",
					"@executable_path/Frameworks",
					"@loader_path/Frameworks",
				);
				PRODUCT_BUNDLE_IDENTIFIER = mohsulthana.Landmarks.WatchLandmarksTests;
				PRODUCT_NAME = "$(TARGET_NAME)";
				SDKROOT = watchos;
				SWIFT_VERSION = 5.0;
				TARGETED_DEVICE_FAMILY = 4;
				TEST_HOST = "$(BUILT_PRODUCTS_DIR)/WatchLandmarks Extension.appex/WatchLandmarks Extension";
				WATCHOS_DEPLOYMENT_TARGET = 7.4;
			};
			name = Release;
		};
		17C08F9226CEBC7500E9E69A /* Debug */ = {
			isa = XCBuildConfiguration;
			buildSettings = {
				CODE_SIGN_STYLE = Automatic;
				DEVELOPMENT_TEAM = 45N4YCBZCJ;
				INFOPLIST_FILE = WatchLandmarksUITests/Info.plist;
				LD_RUNPATH_SEARCH_PATHS = (
					"$(inherited)",
					"@executable_path/Frameworks",
					"@loader_path/Frameworks",
				);
				PRODUCT_BUNDLE_IDENTIFIER = mohsulthana.Landmarks.WatchLandmarksUITests;
				PRODUCT_NAME = "$(TARGET_NAME)";
				SDKROOT = watchos;
				SWIFT_VERSION = 5.0;
				TARGETED_DEVICE_FAMILY = 4;
				TEST_TARGET_NAME = WatchLandmarks;
				WATCHOS_DEPLOYMENT_TARGET = 7.4;
			};
			name = Debug;
		};
		17C08F9326CEBC7500E9E69A /* Release */ = {
			isa = XCBuildConfiguration;
			buildSettings = {
				CODE_SIGN_STYLE = Automatic;
				DEVELOPMENT_TEAM = 45N4YCBZCJ;
				INFOPLIST_FILE = WatchLandmarksUITests/Info.plist;
				LD_RUNPATH_SEARCH_PATHS = (
					"$(inherited)",
					"@executable_path/Frameworks",
					"@loader_path/Frameworks",
				);
				PRODUCT_BUNDLE_IDENTIFIER = mohsulthana.Landmarks.WatchLandmarksUITests;
				PRODUCT_NAME = "$(TARGET_NAME)";
				SDKROOT = watchos;
				SWIFT_VERSION = 5.0;
				TARGETED_DEVICE_FAMILY = 4;
				TEST_TARGET_NAME = WatchLandmarks;
				WATCHOS_DEPLOYMENT_TARGET = 7.4;
			};
			name = Release;
		};
/* End XCBuildConfiguration section */

/* Begin XCConfigurationList section */
		1745066B26CD74B10052C822 /* Build configuration list for PBXProject "Landmarks" */ = {
			isa = XCConfigurationList;
			buildConfigurations = (
				1745069826CD74B30052C822 /* Debug */,
				1745069926CD74B30052C822 /* Release */,
			);
			defaultConfigurationIsVisible = 0;
			defaultConfigurationName = Release;
		};
		1745069A26CD74B30052C822 /* Build configuration list for PBXNativeTarget "Landmarks" */ = {
			isa = XCConfigurationList;
			buildConfigurations = (
				1745069B26CD74B30052C822 /* Debug */,
				1745069C26CD74B30052C822 /* Release */,
			);
			defaultConfigurationIsVisible = 0;
			defaultConfigurationName = Release;
		};
		1745069D26CD74B30052C822 /* Build configuration list for PBXNativeTarget "LandmarksTests" */ = {
			isa = XCConfigurationList;
			buildConfigurations = (
				1745069E26CD74B30052C822 /* Debug */,
				1745069F26CD74B30052C822 /* Release */,
			);
			defaultConfigurationIsVisible = 0;
			defaultConfigurationName = Release;
		};
		174506A026CD74B30052C822 /* Build configuration list for PBXNativeTarget "LandmarksUITests" */ = {
			isa = XCConfigurationList;
			buildConfigurations = (
				174506A126CD74B30052C822 /* Debug */,
				174506A226CD74B30052C822 /* Release */,
			);
			defaultConfigurationIsVisible = 0;
			defaultConfigurationName = Release;
		};
		17C08F8626CEBC7500E9E69A /* Build configuration list for PBXNativeTarget "WatchLandmarks Extension" */ = {
			isa = XCConfigurationList;
			buildConfigurations = (
				17C08F8726CEBC7500E9E69A /* Debug */,
				17C08F8826CEBC7500E9E69A /* Release */,
			);
			defaultConfigurationIsVisible = 0;
			defaultConfigurationName = Release;
		};
		17C08F8A26CEBC7500E9E69A /* Build configuration list for PBXNativeTarget "WatchLandmarks" */ = {
			isa = XCConfigurationList;
			buildConfigurations = (
				17C08F8B26CEBC7500E9E69A /* Debug */,
				17C08F8C26CEBC7500E9E69A /* Release */,
			);
			defaultConfigurationIsVisible = 0;
			defaultConfigurationName = Release;
		};
		17C08F8E26CEBC7500E9E69A /* Build configuration list for PBXNativeTarget "WatchLandmarksTests" */ = {
			isa = XCConfigurationList;
			buildConfigurations = (
				17C08F8F26CEBC7500E9E69A /* Debug */,
				17C08F9026CEBC7500E9E69A /* Release */,
			);
			defaultConfigurationIsVisible = 0;
			defaultConfigurationName = Release;
		};
		17C08F9126CEBC7500E9E69A /* Build configuration list for PBXNativeTarget "WatchLandmarksUITests" */ = {
			isa = XCConfigurationList;
			buildConfigurations = (
				17C08F9226CEBC7500E9E69A /* Debug */,
				17C08F9326CEBC7500E9E69A /* Release */,
			);
			defaultConfigurationIsVisible = 0;
			defaultConfigurationName = Release;
		};
/* End XCConfigurationList section */

/* Begin XCVersionGroup section */
		1745067E26CD74B20052C822 /* Landmarks.xcdatamodeld */ = {
			isa = XCVersionGroup;
			children = (
				1745067F26CD74B20052C822 /* Landmarks.xcdatamodel */,
			);
			currentVersion = 1745067F26CD74B20052C822 /* Landmarks.xcdatamodel */;
			path = Landmarks.xcdatamodeld;
			sourceTree = "<group>";
			versionGroupType = wrapper.xcdatamodel;
		};
/* End XCVersionGroup section */
	};
	rootObject = 1745066826CD74B10052C822 /* Project object */;
}
